
Microsoft Visual Studio Solution File, Format Version 12.00
# Visual Studio 14
VisualStudioVersion = 14.0.23107.0
MinimumVisualStudioVersion = 10.0.40219.1
Project("{FAE04EC0-301F-11D3-BF4B-00C04F79EFBC}") = "CurrencyCheck", "CurrencyCheck\CurrencyCheck.csproj", "{53B805C7-1A47-4811-A42B-7E32F087486A}"
EndProject
Project("{FAE04EC0-301F-11D3-BF4B-00C04F79EFBC}") = "DreamItem", "DreamItem\DreamItem.csproj", "{A0F1EBB9-30E7-4C2D-8919-C45BA3FCE228}"
EndProject
Project("{FAE04EC0-301F-11D3-BF4B-00C04F79EFBC}") = "MagicWand", "MagicWand\MagicWand.csproj", "{81AA61E0-0315-4EE8-88C7-AA76F63FBD9B}"
EndProject
Project("{FAE04EC0-301F-11D3-BF4B-00C04F79EFBC}") = "ArrayMatcher", "ArrayMatcher\ArrayMatcher.csproj", "{990C7025-FFE1-4DB7-84FF-A239BBB3344A}"
EndProject
Project("{FAE04EC0-301F-11D3-BF4B-00C04F79EFBC}") = "KnightPath", "KnightPath\KnightPath.csproj", "{142C990D-0C8A-41C0-9E85-64DB1DF47D20}"
EndProject
Global
	GlobalSection(SolutionConfigurationPlatforms) = preSolution
		Debug|Any CPU = Debug|Any CPU
		Release|Any CPU = Release|Any CPU
	EndGlobalSection
	GlobalSection(ProjectConfigurationPlatforms) = postSolution
		{53B805C7-1A47-4811-A42B-7E32F087486A}.Debug|Any CPU.ActiveCfg = Debug|Any CPU
		{53B805C7-1A47-4811-A42B-7E32F087486A}.Debug|Any CPU.Build.0 = Debug|Any CPU
		{53B805C7-1A47-4811-A42B-7E32F087486A}.Release|Any CPU.ActiveCfg = Release|Any CPU
		{53B805C7-1A47-4811-A42B-7E32F087486A}.Release|Any CPU.Build.0 = Release|Any CPU
		{A0F1EBB9-30E7-4C2D-8919-C45BA3FCE228}.Debug|Any CPU.ActiveCfg = Debug|Any CPU
		{A0F1EBB9-30E7-4C2D-8919-C45BA3FCE228}.Debug|Any CPU.Build.0 = Debug|Any CPU
		{A0F1EBB9-30E7-4C2D-8919-C45BA3FCE228}.Release|Any CPU.ActiveCfg = Release|Any CPU
		{A0F1EBB9-30E7-4C2D-8919-C45BA3FCE228}.Release|Any CPU.Build.0 = Release|Any CPU
		{81AA61E0-0315-4EE8-88C7-AA76F63FBD9B}.Debug|Any CPU.ActiveCfg = Debug|Any CPU
		{81AA61E0-0315-4EE8-88C7-AA76F63FBD9B}.Debug|Any CPU.Build.0 = Debug|Any CPU
		{81AA61E0-0315-4EE8-88C7-AA76F63FBD9B}.Release|Any CPU.ActiveCfg = Release|Any CPU
		{81AA61E0-0315-4EE8-88C7-AA76F63FBD9B}.Release|Any CPU.Build.0 = Release|Any CPU
		{990C7025-FFE1-4DB7-84FF-A239BBB3344A}.Debug|Any CPU.ActiveCfg = Debug|Any CPU
		{990C7025-FFE1-4DB7-84FF-A239BBB3344A}.Debug|Any CPU.Build.0 = Debug|Any CPU
		{990C7025-FFE1-4DB7-84FF-A239BBB3344A}.Release|Any CPU.ActiveCfg = Release|Any CPU
		{990C7025-FFE1-4DB7-84FF-A239BBB3344A}.Release|Any CPU.Build.0 = Release|Any CPU
		{142C990D-0C8A-41C0-9E85-64DB1DF47D20}.Debug|Any CPU.ActiveCfg = Debug|Any CPU
		{142C990D-0C8A-41C0-9E85-64DB1DF47D20}.Debug|Any CPU.Build.0 = Debug|Any CPU
		{142C990D-0C8A-41C0-9E85-64DB1DF47D20}.Release|Any CPU.ActiveCfg = Release|Any CPU
		{142C990D-0C8A-41C0-9E85-64DB1DF47D20}.Release|Any CPU.Build.0 = Release|Any CPU
	EndGlobalSection
	GlobalSection(SolutionProperties) = preSolution
		HideSolutionNode = FALSE
	EndGlobalSection
EndGlobal
